// !$*UTF8*$!
{
	archiveVersion = 1;
	classes = {
	};
	objectVersion = 50;
	objects = {

/* Begin PBXBuildFile section */
		D122B4572292B75500323A2C /* CodingKeyMapper.swift in Sources */ = {isa = PBXBuildFile; fileRef = D122B4562292B75500323A2C /* CodingKeyMapper.swift */; };
		D123E47A2292B9EF0038022A /* JSONFixtures.swift in Sources */ = {isa = PBXBuildFile; fileRef = D123E4792292B9EF0038022A /* JSONFixtures.swift */; };
		D133012D2292620D0053510E /* AppDelegate.swift in Sources */ = {isa = PBXBuildFile; fileRef = D133012C2292620D0053510E /* AppDelegate.swift */; };
		D13301342292620F0053510E /* Assets.xcassets in Resources */ = {isa = PBXBuildFile; fileRef = D13301332292620F0053510E /* Assets.xcassets */; };
		D13301372292620F0053510E /* LaunchScreen.storyboard in Resources */ = {isa = PBXBuildFile; fileRef = D13301352292620F0053510E /* LaunchScreen.storyboard */; };
		D133014D2292620F0053510E /* PaymentCodeChallengeUITests.swift in Sources */ = {isa = PBXBuildFile; fileRef = D133014C2292620F0053510E /* PaymentCodeChallengeUITests.swift */; };
		D14D05A622926BC000045374 /* HomeVC.swift in Sources */ = {isa = PBXBuildFile; fileRef = D14D05A422926BC000045374 /* HomeVC.swift */; };
		D14D05A722926BC000045374 /* HomeVC.xib in Resources */ = {isa = PBXBuildFile; fileRef = D14D05A522926BC000045374 /* HomeVC.xib */; };
		D14D05A922926C0200045374 /* main.swift in Sources */ = {isa = PBXBuildFile; fileRef = D14D05A822926C0200045374 /* main.swift */; };
		D14D05AC22926D1600045374 /* TestAppDelegate.swift in Sources */ = {isa = PBXBuildFile; fileRef = D14D05AB22926D1600045374 /* TestAppDelegate.swift */; };
		D14D05AE22926DA600045374 /* Global.swift in Sources */ = {isa = PBXBuildFile; fileRef = D14D05AD22926DA600045374 /* Global.swift */; };
		D14D05B12292721700045374 /* Nimble.framework in Frameworks */ = {isa = PBXBuildFile; fileRef = D14D05B02292721700045374 /* Nimble.framework */; };
		D14D05B32292721A00045374 /* Quick.framework in Frameworks */ = {isa = PBXBuildFile; fileRef = D14D05B22292721A00045374 /* Quick.framework */; };
		D14D05B52292725500045374 /* Quick.framework in CopyFiles */ = {isa = PBXBuildFile; fileRef = D14D05B22292721A00045374 /* Quick.framework */; settings = {ATTRIBUTES = (CodeSignOnCopy, RemoveHeadersOnCopy, ); }; };
		D14D05B62292725500045374 /* Nimble.framework in CopyFiles */ = {isa = PBXBuildFile; fileRef = D14D05B02292721700045374 /* Nimble.framework */; settings = {ATTRIBUTES = (CodeSignOnCopy, RemoveHeadersOnCopy, ); }; };
		D19D53DC2292729800B1DE18 /* HomeVCTests.swift in Sources */ = {isa = PBXBuildFile; fileRef = D19D53DB2292729800B1DE18 /* HomeVCTests.swift */; };
		D19D53E12292759600B1DE18 /* Request.swift in Sources */ = {isa = PBXBuildFile; fileRef = D19D53E02292759600B1DE18 /* Request.swift */; };
		D19D53E3229275C800B1DE18 /* RateRequest.swift in Sources */ = {isa = PBXBuildFile; fileRef = D19D53E2229275C800B1DE18 /* RateRequest.swift */; };
		D19D53E52292760E00B1DE18 /* RateResponse.swift in Sources */ = {isa = PBXBuildFile; fileRef = D19D53E42292760E00B1DE18 /* RateResponse.swift */; };
		D19D53E72292774200B1DE18 /* RateRquestTests.swift in Sources */ = {isa = PBXBuildFile; fileRef = D19D53E62292774200B1DE18 /* RateRquestTests.swift */; };
		D19D53E9229278F100B1DE18 /* Session.swift in Sources */ = {isa = PBXBuildFile; fileRef = D19D53E8229278F100B1DE18 /* Session.swift */; };
		D19D53EC2292793D00B1DE18 /* SessionError.swift in Sources */ = {isa = PBXBuildFile; fileRef = D19D53EB2292793D00B1DE18 /* SessionError.swift */; };
		D19D53EF22927E3800B1DE18 /* ResponseJSONFixtures.swift in Sources */ = {isa = PBXBuildFile; fileRef = D19D53EE22927E3800B1DE18 /* ResponseJSONFixtures.swift */; };
		D19D53F12292804600B1DE18 /* RateResponseTests.swift in Sources */ = {isa = PBXBuildFile; fileRef = D19D53F02292804600B1DE18 /* RateResponseTests.swift */; };
		D19D53F42292835300B1DE18 /* Currency.swift in Sources */ = {isa = PBXBuildFile; fileRef = D19D53F32292835300B1DE18 /* Currency.swift */; };
		D19D53F62292840200B1DE18 /* CurrencyTests.swift in Sources */ = {isa = PBXBuildFile; fileRef = D19D53F52292840200B1DE18 /* CurrencyTests.swift */; };
		D19D53F922928D0700B1DE18 /* Quotes.swift in Sources */ = {isa = PBXBuildFile; fileRef = D19D53F822928D0700B1DE18 /* Quotes.swift */; };
		D19FFA952292C2C9005DF77B /* UIColor+Extension.swift in Sources */ = {isa = PBXBuildFile; fileRef = D19FFA942292C2C9005DF77B /* UIColor+Extension.swift */; };
		D19FFA972292C433005DF77B /* UICollectionView+Extension.swift in Sources */ = {isa = PBXBuildFile; fileRef = D19FFA962292C433005DF77B /* UICollectionView+Extension.swift */; };
		D19FFA992292C451005DF77B /* NSObject+ClassName.swift in Sources */ = {isa = PBXBuildFile; fileRef = D19FFA982292C451005DF77B /* NSObject+ClassName.swift */; };
		D19FFA9C2292C498005DF77B /* RateCell.swift in Sources */ = {isa = PBXBuildFile; fileRef = D19FFA9A2292C498005DF77B /* RateCell.swift */; };
		D19FFA9D2292C498005DF77B /* RateCell.xib in Resources */ = {isa = PBXBuildFile; fileRef = D19FFA9B2292C498005DF77B /* RateCell.xib */; };
		D19FFAA02292C53A005DF77B /* ClassNameTests.swift in Sources */ = {isa = PBXBuildFile; fileRef = D19FFA9F2292C53A005DF77B /* ClassNameTests.swift */; };
		D19FFAA32292CDB1005DF77B /* SessionTestDoubles.swift in Sources */ = {isa = PBXBuildFile; fileRef = D19FFAA22292CDB1005DF77B /* SessionTestDoubles.swift */; };
		D19FFAA82292D5F5005DF77B /* UIView+Find.swift in Sources */ = {isa = PBXBuildFile; fileRef = D19FFAA72292D5F5005DF77B /* UIView+Find.swift */; };
		D19FFAAB2292DA24005DF77B /* RateViewModel.swift in Sources */ = {isa = PBXBuildFile; fileRef = D19FFAAA2292DA24005DF77B /* RateViewModel.swift */; };
		D19FFAB12293042E005DF77B /* UIViewController+AlertController.swift in Sources */ = {isa = PBXBuildFile; fileRef = D19FFAB02293042E005DF77B /* UIViewController+AlertController.swift */; };
/* End PBXBuildFile section */

/* Begin PBXContainerItemProxy section */
		D133013E2292620F0053510E /* PBXContainerItemProxy */ = {
			isa = PBXContainerItemProxy;
			containerPortal = D13301212292620D0053510E /* Project object */;
			proxyType = 1;
			remoteGlobalIDString = D13301282292620D0053510E;
			remoteInfo = PaymentCodeChallenge;
		};
		D13301492292620F0053510E /* PBXContainerItemProxy */ = {
			isa = PBXContainerItemProxy;
			containerPortal = D13301212292620D0053510E /* Project object */;
			proxyType = 1;
			remoteGlobalIDString = D13301282292620D0053510E;
			remoteInfo = PaymentCodeChallenge;
		};
/* End PBXContainerItemProxy section */

/* Begin PBXCopyFilesBuildPhase section */
		D14D05B42292723200045374 /* CopyFiles */ = {
			isa = PBXCopyFilesBuildPhase;
			buildActionMask = 2147483647;
			dstPath = "";
			dstSubfolderSpec = 10;
			files = (
				D14D05B52292725500045374 /* Quick.framework in CopyFiles */,
				D14D05B62292725500045374 /* Nimble.framework in CopyFiles */,
			);
			runOnlyForDeploymentPostprocessing = 0;
		};
/* End PBXCopyFilesBuildPhase section */

/* Begin PBXFileReference section */
		D122B4562292B75500323A2C /* CodingKeyMapper.swift */ = {isa = PBXFileReference; lastKnownFileType = sourcecode.swift; path = CodingKeyMapper.swift; sourceTree = "<group>"; };
		D123E4792292B9EF0038022A /* JSONFixtures.swift */ = {isa = PBXFileReference; lastKnownFileType = sourcecode.swift; path = JSONFixtures.swift; sourceTree = "<group>"; };
		D13301292292620D0053510E /* PaymentCodeChallenge.app */ = {isa = PBXFileReference; explicitFileType = wrapper.application; includeInIndex = 0; path = PaymentCodeChallenge.app; sourceTree = BUILT_PRODUCTS_DIR; };
		D133012C2292620D0053510E /* AppDelegate.swift */ = {isa = PBXFileReference; lastKnownFileType = sourcecode.swift; path = AppDelegate.swift; sourceTree = "<group>"; };
		D13301332292620F0053510E /* Assets.xcassets */ = {isa = PBXFileReference; lastKnownFileType = folder.assetcatalog; path = Assets.xcassets; sourceTree = "<group>"; };
		D13301362292620F0053510E /* Base */ = {isa = PBXFileReference; lastKnownFileType = file.storyboard; name = Base; path = Base.lproj/LaunchScreen.storyboard; sourceTree = "<group>"; };
		D13301382292620F0053510E /* Info.plist */ = {isa = PBXFileReference; lastKnownFileType = text.plist.xml; path = Info.plist; sourceTree = "<group>"; };
		D133013D2292620F0053510E /* PaymentCodeChallengeTests.xctest */ = {isa = PBXFileReference; explicitFileType = wrapper.cfbundle; includeInIndex = 0; path = PaymentCodeChallengeTests.xctest; sourceTree = BUILT_PRODUCTS_DIR; };
		D13301432292620F0053510E /* Info.plist */ = {isa = PBXFileReference; lastKnownFileType = text.plist.xml; path = Info.plist; sourceTree = "<group>"; };
		D13301482292620F0053510E /* PaymentCodeChallengeUITests.xctest */ = {isa = PBXFileReference; explicitFileType = wrapper.cfbundle; includeInIndex = 0; path = PaymentCodeChallengeUITests.xctest; sourceTree = BUILT_PRODUCTS_DIR; };
		D133014C2292620F0053510E /* PaymentCodeChallengeUITests.swift */ = {isa = PBXFileReference; lastKnownFileType = sourcecode.swift; path = PaymentCodeChallengeUITests.swift; sourceTree = "<group>"; };
		D133014E2292620F0053510E /* Info.plist */ = {isa = PBXFileReference; lastKnownFileType = text.plist.xml; path = Info.plist; sourceTree = "<group>"; };
		D14D05A422926BC000045374 /* HomeVC.swift */ = {isa = PBXFileReference; lastKnownFileType = sourcecode.swift; path = HomeVC.swift; sourceTree = "<group>"; };
		D14D05A522926BC000045374 /* HomeVC.xib */ = {isa = PBXFileReference; lastKnownFileType = file.xib; path = HomeVC.xib; sourceTree = "<group>"; };
		D14D05A822926C0200045374 /* main.swift */ = {isa = PBXFileReference; lastKnownFileType = sourcecode.swift; path = main.swift; sourceTree = "<group>"; };
		D14D05AB22926D1600045374 /* TestAppDelegate.swift */ = {isa = PBXFileReference; lastKnownFileType = sourcecode.swift; path = TestAppDelegate.swift; sourceTree = "<group>"; };
		D14D05AD22926DA600045374 /* Global.swift */ = {isa = PBXFileReference; lastKnownFileType = sourcecode.swift; path = Global.swift; sourceTree = "<group>"; };
		D14D05B02292721700045374 /* Nimble.framework */ = {isa = PBXFileReference; lastKnownFileType = wrapper.framework; name = Nimble.framework; path = Carthage/Build/iOS/Nimble.framework; sourceTree = "<group>"; };
		D14D05B22292721A00045374 /* Quick.framework */ = {isa = PBXFileReference; lastKnownFileType = wrapper.framework; name = Quick.framework; path = Carthage/Build/iOS/Quick.framework; sourceTree = "<group>"; };
		D19D53DB2292729800B1DE18 /* HomeVCTests.swift */ = {isa = PBXFileReference; lastKnownFileType = sourcecode.swift; path = HomeVCTests.swift; sourceTree = "<group>"; };
		D19D53E02292759600B1DE18 /* Request.swift */ = {isa = PBXFileReference; lastKnownFileType = sourcecode.swift; path = Request.swift; sourceTree = "<group>"; };
		D19D53E2229275C800B1DE18 /* RateRequest.swift */ = {isa = PBXFileReference; lastKnownFileType = sourcecode.swift; path = RateRequest.swift; sourceTree = "<group>"; };
		D19D53E42292760E00B1DE18 /* RateResponse.swift */ = {isa = PBXFileReference; lastKnownFileType = sourcecode.swift; path = RateResponse.swift; sourceTree = "<group>"; };
		D19D53E62292774200B1DE18 /* RateRquestTests.swift */ = {isa = PBXFileReference; lastKnownFileType = sourcecode.swift; path = RateRquestTests.swift; sourceTree = "<group>"; };
		D19D53E8229278F100B1DE18 /* Session.swift */ = {isa = PBXFileReference; lastKnownFileType = sourcecode.swift; path = Session.swift; sourceTree = "<group>"; };
		D19D53EB2292793D00B1DE18 /* SessionError.swift */ = {isa = PBXFileReference; lastKnownFileType = sourcecode.swift; path = SessionError.swift; sourceTree = "<group>"; };
		D19D53EE22927E3800B1DE18 /* ResponseJSONFixtures.swift */ = {isa = PBXFileReference; lastKnownFileType = sourcecode.swift; path = ResponseJSONFixtures.swift; sourceTree = "<group>"; };
		D19D53F02292804600B1DE18 /* RateResponseTests.swift */ = {isa = PBXFileReference; lastKnownFileType = sourcecode.swift; path = RateResponseTests.swift; sourceTree = "<group>"; };
		D19D53F32292835300B1DE18 /* Currency.swift */ = {isa = PBXFileReference; lastKnownFileType = sourcecode.swift; path = Currency.swift; sourceTree = "<group>"; };
		D19D53F52292840200B1DE18 /* CurrencyTests.swift */ = {isa = PBXFileReference; lastKnownFileType = sourcecode.swift; path = CurrencyTests.swift; sourceTree = "<group>"; };
		D19D53F822928D0700B1DE18 /* Quotes.swift */ = {isa = PBXFileReference; lastKnownFileType = sourcecode.swift; path = Quotes.swift; sourceTree = "<group>"; };
		D19FFA942292C2C9005DF77B /* UIColor+Extension.swift */ = {isa = PBXFileReference; lastKnownFileType = sourcecode.swift; path = "UIColor+Extension.swift"; sourceTree = "<group>"; };
		D19FFA962292C433005DF77B /* UICollectionView+Extension.swift */ = {isa = PBXFileReference; lastKnownFileType = sourcecode.swift; path = "UICollectionView+Extension.swift"; sourceTree = "<group>"; };
		D19FFA982292C451005DF77B /* NSObject+ClassName.swift */ = {isa = PBXFileReference; lastKnownFileType = sourcecode.swift; path = "NSObject+ClassName.swift"; sourceTree = "<group>"; };
		D19FFA9A2292C498005DF77B /* RateCell.swift */ = {isa = PBXFileReference; lastKnownFileType = sourcecode.swift; path = RateCell.swift; sourceTree = "<group>"; };
		D19FFA9B2292C498005DF77B /* RateCell.xib */ = {isa = PBXFileReference; lastKnownFileType = file.xib; path = RateCell.xib; sourceTree = "<group>"; };
		D19FFA9F2292C53A005DF77B /* ClassNameTests.swift */ = {isa = PBXFileReference; lastKnownFileType = sourcecode.swift; path = ClassNameTests.swift; sourceTree = "<group>"; };
		D19FFAA22292CDB1005DF77B /* SessionTestDoubles.swift */ = {isa = PBXFileReference; lastKnownFileType = sourcecode.swift; path = SessionTestDoubles.swift; sourceTree = "<group>"; };
		D19FFAA72292D5F5005DF77B /* UIView+Find.swift */ = {isa = PBXFileReference; lastKnownFileType = sourcecode.swift; path = "UIView+Find.swift"; sourceTree = "<group>"; };
		D19FFAAA2292DA24005DF77B /* RateViewModel.swift */ = {isa = PBXFileReference; lastKnownFileType = sourcecode.swift; path = RateViewModel.swift; sourceTree = "<group>"; };
		D19FFAB02293042E005DF77B /* UIViewController+AlertController.swift */ = {isa = PBXFileReference; lastKnownFileType = sourcecode.swift; path = "UIViewController+AlertController.swift"; sourceTree = "<group>"; };
/* End PBXFileReference section */

/* Begin PBXFrameworksBuildPhase section */
		D13301262292620D0053510E /* Frameworks */ = {
			isa = PBXFrameworksBuildPhase;
			buildActionMask = 2147483647;
			files = (
			);
			runOnlyForDeploymentPostprocessing = 0;
		};
		D133013A2292620F0053510E /* Frameworks */ = {
			isa = PBXFrameworksBuildPhase;
			buildActionMask = 2147483647;
			files = (
				D14D05B12292721700045374 /* Nimble.framework in Frameworks */,
				D14D05B32292721A00045374 /* Quick.framework in Frameworks */,
			);
			runOnlyForDeploymentPostprocessing = 0;
		};
		D13301452292620F0053510E /* Frameworks */ = {
			isa = PBXFrameworksBuildPhase;
			buildActionMask = 2147483647;
			files = (
			);
			runOnlyForDeploymentPostprocessing = 0;
		};
/* End PBXFrameworksBuildPhase section */

/* Begin PBXGroup section */
		D13301202292620D0053510E = {
			isa = PBXGroup;
			children = (
				D133012B2292620D0053510E /* PaymentCodeChallenge */,
				D13301402292620F0053510E /* PaymentCodeChallengeTests */,
				D133014B2292620F0053510E /* PaymentCodeChallengeUITests */,
				D133012A2292620D0053510E /* Products */,
				D14D05AF2292721700045374 /* Frameworks */,
			);
			sourceTree = "<group>";
		};
		D133012A2292620D0053510E /* Products */ = {
			isa = PBXGroup;
			children = (
				D13301292292620D0053510E /* PaymentCodeChallenge.app */,
				D133013D2292620F0053510E /* PaymentCodeChallengeTests.xctest */,
				D13301482292620F0053510E /* PaymentCodeChallengeUITests.xctest */,
			);
			name = Products;
			sourceTree = "<group>";
		};
		D133012B2292620D0053510E /* PaymentCodeChallenge */ = {
			isa = PBXGroup;
			children = (
				D14D05AD22926DA600045374 /* Global.swift */,
				D14D05AA22926D0200045374 /* AppDelegate */,
				D19D53F722928CF200B1DE18 /* Entity */,
				D19D53DD2292752200B1DE18 /* API */,
				D14D05A322926B9E00045374 /* UI */,
				D19D53F22292832C00B1DE18 /* Data */,
				D19FFA932292C2B0005DF77B /* Extension */,
				D13301332292620F0053510E /* Assets.xcassets */,
				D13301352292620F0053510E /* LaunchScreen.storyboard */,
				D13301382292620F0053510E /* Info.plist */,
				D14D05A822926C0200045374 /* main.swift */,
			);
			path = PaymentCodeChallenge;
			sourceTree = "<group>";
		};
		D13301402292620F0053510E /* PaymentCodeChallengeTests */ = {
			isa = PBXGroup;
			children = (
				D19D53ED22927DC900B1DE18 /* Fixtures */,
				D19FFAA12292CD5B005DF77B /* TestDoubles */,
				D19D53DB2292729800B1DE18 /* HomeVCTests.swift */,
				D19D53E62292774200B1DE18 /* RateRquestTests.swift */,
				D19D53F02292804600B1DE18 /* RateResponseTests.swift */,
				D19D53F52292840200B1DE18 /* CurrencyTests.swift */,
				D19FFA9E2292C525005DF77B /* Extension */,
				D19FFAA62292D5C6005DF77B /* TestExtesion */,
				D13301432292620F0053510E /* Info.plist */,
			);
			path = PaymentCodeChallengeTests;
			sourceTree = "<group>";
		};
		D133014B2292620F0053510E /* PaymentCodeChallengeUITests */ = {
			isa = PBXGroup;
			children = (
				D133014C2292620F0053510E /* PaymentCodeChallengeUITests.swift */,
				D133014E2292620F0053510E /* Info.plist */,
			);
			path = PaymentCodeChallengeUITests;
			sourceTree = "<group>";
		};
		D14D05A322926B9E00045374 /* UI */ = {
			isa = PBXGroup;
			children = (
				D14D05A422926BC000045374 /* HomeVC.swift */,
				D14D05A522926BC000045374 /* HomeVC.xib */,
				D19FFA9A2292C498005DF77B /* RateCell.swift */,
				D19FFA9B2292C498005DF77B /* RateCell.xib */,
				D19FFAA92292DA13005DF77B /* ViewModel */,
			);
			path = UI;
			sourceTree = "<group>";
		};
		D14D05AA22926D0200045374 /* AppDelegate */ = {
			isa = PBXGroup;
			children = (
				D133012C2292620D0053510E /* AppDelegate.swift */,
				D14D05AB22926D1600045374 /* TestAppDelegate.swift */,
			);
			path = AppDelegate;
			sourceTree = "<group>";
		};
		D14D05AF2292721700045374 /* Frameworks */ = {
			isa = PBXGroup;
			children = (
				D14D05B22292721A00045374 /* Quick.framework */,
				D14D05B02292721700045374 /* Nimble.framework */,
			);
			name = Frameworks;
			sourceTree = "<group>";
		};
		D19D53DD2292752200B1DE18 /* API */ = {
			isa = PBXGroup;
			children = (
				D19D53EA2292792C00B1DE18 /* Session */,
				D19D53DF2292753E00B1DE18 /* Response */,
				D19D53DE2292753500B1DE18 /* Request */,
			);
			path = API;
			sourceTree = "<group>";
		};
		D19D53DE2292753500B1DE18 /* Request */ = {
			isa = PBXGroup;
			children = (
				D19D53E02292759600B1DE18 /* Request.swift */,
				D19D53E2229275C800B1DE18 /* RateRequest.swift */,
			);
			path = Request;
			sourceTree = "<group>";
		};
		D19D53DF2292753E00B1DE18 /* Response */ = {
			isa = PBXGroup;
			children = (
				D19D53E42292760E00B1DE18 /* RateResponse.swift */,
			);
			path = Response;
			sourceTree = "<group>";
		};
		D19D53EA2292792C00B1DE18 /* Session */ = {
			isa = PBXGroup;
			children = (
				D19D53E8229278F100B1DE18 /* Session.swift */,
				D19D53EB2292793D00B1DE18 /* SessionError.swift */,
			);
			path = Session;
			sourceTree = "<group>";
		};
		D19D53ED22927DC900B1DE18 /* Fixtures */ = {
			isa = PBXGroup;
			children = (
				D19D53EE22927E3800B1DE18 /* ResponseJSONFixtures.swift */,
				D123E4792292B9EF0038022A /* JSONFixtures.swift */,
			);
			path = Fixtures;
			sourceTree = "<group>";
		};
		D19D53F22292832C00B1DE18 /* Data */ = {
			isa = PBXGroup;
			children = (
				D19D53F32292835300B1DE18 /* Currency.swift */,
			);
			path = Data;
			sourceTree = "<group>";
		};
		D19D53F722928CF200B1DE18 /* Entity */ = {
			isa = PBXGroup;
			children = (
				D19D53F822928D0700B1DE18 /* Quotes.swift */,
				D122B4562292B75500323A2C /* CodingKeyMapper.swift */,
			);
			path = Entity;
			sourceTree = "<group>";
		};
		D19FFA932292C2B0005DF77B /* Extension */ = {
			isa = PBXGroup;
			children = (
				D19FFA942292C2C9005DF77B /* UIColor+Extension.swift */,
				D19FFA982292C451005DF77B /* NSObject+ClassName.swift */,
				D19FFA962292C433005DF77B /* UICollectionView+Extension.swift */,
				D19FFAB02293042E005DF77B /* UIViewController+AlertController.swift */,
			);
			path = Extension;
			sourceTree = "<group>";
		};
		D19FFA9E2292C525005DF77B /* Extension */ = {
			isa = PBXGroup;
			children = (
				D19FFA9F2292C53A005DF77B /* ClassNameTests.swift */,
			);
			path = Extension;
			sourceTree = "<group>";
		};
		D19FFAA12292CD5B005DF77B /* TestDoubles */ = {
			isa = PBXGroup;
			children = (
				D19FFAA22292CDB1005DF77B /* SessionTestDoubles.swift */,
			);
			path = TestDoubles;
			sourceTree = "<group>";
		};
		D19FFAA62292D5C6005DF77B /* TestExtesion */ = {
			isa = PBXGroup;
			children = (
				D19FFAA72292D5F5005DF77B /* UIView+Find.swift */,
			);
			path = TestExtesion;
			sourceTree = "<group>";
		};
		D19FFAA92292DA13005DF77B /* ViewModel */ = {
			isa = PBXGroup;
			children = (
				D19FFAAA2292DA24005DF77B /* RateViewModel.swift */,
			);
			path = ViewModel;
			sourceTree = "<group>";
		};
/* End PBXGroup section */

/* Begin PBXNativeTarget section */
		D13301282292620D0053510E /* PaymentCodeChallenge */ = {
			isa = PBXNativeTarget;
			buildConfigurationList = D13301512292620F0053510E /* Build configuration list for PBXNativeTarget "PaymentCodeChallenge" */;
			buildPhases = (
				D13301252292620D0053510E /* Sources */,
				D13301262292620D0053510E /* Frameworks */,
				D13301272292620D0053510E /* Resources */,
			);
			buildRules = (
			);
			dependencies = (
			);
			name = PaymentCodeChallenge;
			productName = PaymentCodeChallenge;
			productReference = D13301292292620D0053510E /* PaymentCodeChallenge.app */;
			productType = "com.apple.product-type.application";
		};
		D133013C2292620F0053510E /* PaymentCodeChallengeTests */ = {
			isa = PBXNativeTarget;
			buildConfigurationList = D13301542292620F0053510E /* Build configuration list for PBXNativeTarget "PaymentCodeChallengeTests" */;
			buildPhases = (
				D13301392292620F0053510E /* Sources */,
				D133013A2292620F0053510E /* Frameworks */,
				D133013B2292620F0053510E /* Resources */,
				D14D05B42292723200045374 /* CopyFiles */,
			);
			buildRules = (
			);
			dependencies = (
				D133013F2292620F0053510E /* PBXTargetDependency */,
			);
			name = PaymentCodeChallengeTests;
			productName = PaymentCodeChallengeTests;
			productReference = D133013D2292620F0053510E /* PaymentCodeChallengeTests.xctest */;
			productType = "com.apple.product-type.bundle.unit-test";
		};
		D13301472292620F0053510E /* PaymentCodeChallengeUITests */ = {
			isa = PBXNativeTarget;
			buildConfigurationList = D13301572292620F0053510E /* Build configuration list for PBXNativeTarget "PaymentCodeChallengeUITests" */;
			buildPhases = (
				D13301442292620F0053510E /* Sources */,
				D13301452292620F0053510E /* Frameworks */,
				D13301462292620F0053510E /* Resources */,
			);
			buildRules = (
			);
			dependencies = (
				D133014A2292620F0053510E /* PBXTargetDependency */,
			);
			name = PaymentCodeChallengeUITests;
			productName = PaymentCodeChallengeUITests;
			productReference = D13301482292620F0053510E /* PaymentCodeChallengeUITests.xctest */;
			productType = "com.apple.product-type.bundle.ui-testing";
		};
/* End PBXNativeTarget section */

/* Begin PBXProject section */
		D13301212292620D0053510E /* Project object */ = {
			isa = PBXProject;
			attributes = {
				LastSwiftUpdateCheck = 1020;
				LastUpgradeCheck = 1020;
				ORGANIZATIONNAME = yuto;
				TargetAttributes = {
					D13301282292620D0053510E = {
						CreatedOnToolsVersion = 10.2;
					};
					D133013C2292620F0053510E = {
						CreatedOnToolsVersion = 10.2;
						TestTargetID = D13301282292620D0053510E;
					};
					D13301472292620F0053510E = {
						CreatedOnToolsVersion = 10.2;
						TestTargetID = D13301282292620D0053510E;
					};
				};
			};
			buildConfigurationList = D13301242292620D0053510E /* Build configuration list for PBXProject "PaymentCodeChallenge" */;
			compatibilityVersion = "Xcode 9.3";
			developmentRegion = en;
			hasScannedForEncodings = 0;
			knownRegions = (
				en,
				Base,
			);
			mainGroup = D13301202292620D0053510E;
			productRefGroup = D133012A2292620D0053510E /* Products */;
			projectDirPath = "";
			projectRoot = "";
			targets = (
				D13301282292620D0053510E /* PaymentCodeChallenge */,
				D133013C2292620F0053510E /* PaymentCodeChallengeTests */,
				D13301472292620F0053510E /* PaymentCodeChallengeUITests */,
			);
		};
/* End PBXProject section */

/* Begin PBXResourcesBuildPhase section */
		D13301272292620D0053510E /* Resources */ = {
			isa = PBXResourcesBuildPhase;
			buildActionMask = 2147483647;
			files = (
				D13301372292620F0053510E /* LaunchScreen.storyboard in Resources */,
				D19FFA9D2292C498005DF77B /* RateCell.xib in Resources */,
				D14D05A722926BC000045374 /* HomeVC.xib in Resources */,
				D13301342292620F0053510E /* Assets.xcassets in Resources */,
			);
			runOnlyForDeploymentPostprocessing = 0;
		};
		D133013B2292620F0053510E /* Resources */ = {
			isa = PBXResourcesBuildPhase;
			buildActionMask = 2147483647;
			files = (
			);
			runOnlyForDeploymentPostprocessing = 0;
		};
		D13301462292620F0053510E /* Resources */ = {
			isa = PBXResourcesBuildPhase;
			buildActionMask = 2147483647;
			files = (
			);
			runOnlyForDeploymentPostprocessing = 0;
		};
/* End PBXResourcesBuildPhase section */

/* Begin PBXSourcesBuildPhase section */
		D13301252292620D0053510E /* Sources */ = {
			isa = PBXSourcesBuildPhase;
			buildActionMask = 2147483647;
			files = (
				D19D53E52292760E00B1DE18 /* RateResponse.swift in Sources */,
				D19D53E3229275C800B1DE18 /* RateRequest.swift in Sources */,
				D14D05AC22926D1600045374 /* TestAppDelegate.swift in Sources */,
				D19D53E12292759600B1DE18 /* Request.swift in Sources */,
				D133012D2292620D0053510E /* AppDelegate.swift in Sources */,
				D19D53EC2292793D00B1DE18 /* SessionError.swift in Sources */,
				D19FFA972292C433005DF77B /* UICollectionView+Extension.swift in Sources */,
				D19D53F42292835300B1DE18 /* Currency.swift in Sources */,
				D19FFA9C2292C498005DF77B /* RateCell.swift in Sources */,
				D19FFA952292C2C9005DF77B /* UIColor+Extension.swift in Sources */,
				D14D05A622926BC000045374 /* HomeVC.swift in Sources */,
				D19D53F922928D0700B1DE18 /* Quotes.swift in Sources */,
				D14D05AE22926DA600045374 /* Global.swift in Sources */,
				D19FFAB12293042E005DF77B /* UIViewController+AlertController.swift in Sources */,
				D122B4572292B75500323A2C /* CodingKeyMapper.swift in Sources */,
				D19FFA992292C451005DF77B /* NSObject+ClassName.swift in Sources */,
				D14D05A922926C0200045374 /* main.swift in Sources */,
				D19FFAAB2292DA24005DF77B /* RateViewModel.swift in Sources */,
				D19D53E9229278F100B1DE18 /* Session.swift in Sources */,
			);
			runOnlyForDeploymentPostprocessing = 0;
		};
		D13301392292620F0053510E /* Sources */ = {
			isa = PBXSourcesBuildPhase;
			buildActionMask = 2147483647;
			files = (
				D19D53F12292804600B1DE18 /* RateResponseTests.swift in Sources */,
				D123E47A2292B9EF0038022A /* JSONFixtures.swift in Sources */,
				D19FFAA02292C53A005DF77B /* ClassNameTests.swift in Sources */,
				D19FFAA82292D5F5005DF77B /* UIView+Find.swift in Sources */,
				D19D53F62292840200B1DE18 /* CurrencyTests.swift in Sources */,
				D19D53EF22927E3800B1DE18 /* ResponseJSONFixtures.swift in Sources */,
				D19FFAA32292CDB1005DF77B /* SessionTestDoubles.swift in Sources */,
				D19D53DC2292729800B1DE18 /* HomeVCTests.swift in Sources */,
				D19D53E72292774200B1DE18 /* RateRquestTests.swift in Sources */,
			);
			runOnlyForDeploymentPostprocessing = 0;
		};
		D13301442292620F0053510E /* Sources */ = {
			isa = PBXSourcesBuildPhase;
			buildActionMask = 2147483647;
			files = (
				D133014D2292620F0053510E /* PaymentCodeChallengeUITests.swift in Sources */,
			);
			runOnlyForDeploymentPostprocessing = 0;
		};
/* End PBXSourcesBuildPhase section */

/* Begin PBXTargetDependency section */
		D133013F2292620F0053510E /* PBXTargetDependency */ = {
			isa = PBXTargetDependency;
			target = D13301282292620D0053510E /* PaymentCodeChallenge */;
			targetProxy = D133013E2292620F0053510E /* PBXContainerItemProxy */;
		};
		D133014A2292620F0053510E /* PBXTargetDependency */ = {
			isa = PBXTargetDependency;
			target = D13301282292620D0053510E /* PaymentCodeChallenge */;
			targetProxy = D13301492292620F0053510E /* PBXContainerItemProxy */;
		};
/* End PBXTargetDependency section */

/* Begin PBXVariantGroup section */
		D13301352292620F0053510E /* LaunchScreen.storyboard */ = {
			isa = PBXVariantGroup;
			children = (
				D13301362292620F0053510E /* Base */,
			);
			name = LaunchScreen.storyboard;
			sourceTree = "<group>";
		};
/* End PBXVariantGroup section */

/* Begin XCBuildConfiguration section */
		D133014F2292620F0053510E /* Debug */ = {
			isa = XCBuildConfiguration;
			buildSettings = {
				ALWAYS_SEARCH_USER_PATHS = NO;
				CLANG_ANALYZER_NONNULL = YES;
				CLANG_ANALYZER_NUMBER_OBJECT_CONVERSION = YES_AGGRESSIVE;
				CLANG_CXX_LANGUAGE_STANDARD = "gnu++14";
				CLANG_CXX_LIBRARY = "libc++";
				CLANG_ENABLE_MODULES = YES;
				CLANG_ENABLE_OBJC_ARC = YES;
				CLANG_ENABLE_OBJC_WEAK = YES;
				CLANG_WARN_BLOCK_CAPTURE_AUTORELEASING = YES;
				CLANG_WARN_BOOL_CONVERSION = YES;
				CLANG_WARN_COMMA = YES;
				CLANG_WARN_CONSTANT_CONVERSION = YES;
				CLANG_WARN_DEPRECATED_OBJC_IMPLEMENTATIONS = YES;
				CLANG_WARN_DIRECT_OBJC_ISA_USAGE = YES_ERROR;
				CLANG_WARN_DOCUMENTATION_COMMENTS = YES;
				CLANG_WARN_EMPTY_BODY = YES;
				CLANG_WARN_ENUM_CONVERSION = YES;
				CLANG_WARN_INFINITE_RECURSION = YES;
				CLANG_WARN_INT_CONVERSION = YES;
				CLANG_WARN_NON_LITERAL_NULL_CONVERSION = YES;
				CLANG_WARN_OBJC_IMPLICIT_RETAIN_SELF = YES;
				CLANG_WARN_OBJC_LITERAL_CONVERSION = YES;
				CLANG_WARN_OBJC_ROOT_CLASS = YES_ERROR;
				CLANG_WARN_RANGE_LOOP_ANALYSIS = YES;
				CLANG_WARN_STRICT_PROTOTYPES = YES;
				CLANG_WARN_SUSPICIOUS_MOVE = YES;
				CLANG_WARN_UNGUARDED_AVAILABILITY = YES_AGGRESSIVE;
				CLANG_WARN_UNREACHABLE_CODE = YES;
				CLANG_WARN__DUPLICATE_METHOD_MATCH = YES;
				CODE_SIGN_IDENTITY = "iPhone Developer";
				COPY_PHASE_STRIP = NO;
				DEBUG_INFORMATION_FORMAT = dwarf;
				ENABLE_STRICT_OBJC_MSGSEND = YES;
				ENABLE_TESTABILITY = YES;
				GCC_C_LANGUAGE_STANDARD = gnu11;
				GCC_DYNAMIC_NO_PIC = NO;
				GCC_NO_COMMON_BLOCKS = YES;
				GCC_OPTIMIZATION_LEVEL = 0;
				GCC_PREPROCESSOR_DEFINITIONS = (
					"DEBUG=1",
					"$(inherited)",
				);
				GCC_WARN_64_TO_32_BIT_CONVERSION = YES;
				GCC_WARN_ABOUT_RETURN_TYPE = YES_ERROR;
				GCC_WARN_UNDECLARED_SELECTOR = YES;
				GCC_WARN_UNINITIALIZED_AUTOS = YES_AGGRESSIVE;
				GCC_WARN_UNUSED_FUNCTION = YES;
				GCC_WARN_UNUSED_VARIABLE = YES;
				IPHONEOS_DEPLOYMENT_TARGET = 12.2;
				MTL_ENABLE_DEBUG_INFO = INCLUDE_SOURCE;
				MTL_FAST_MATH = YES;
				ONLY_ACTIVE_ARCH = YES;
				SDKROOT = iphoneos;
				SWIFT_ACTIVE_COMPILATION_CONDITIONS = DEBUG;
				SWIFT_OPTIMIZATION_LEVEL = "-Onone";
			};
			name = Debug;
		};
		D13301502292620F0053510E /* Release */ = {
			isa = XCBuildConfiguration;
			buildSettings = {
				ALWAYS_SEARCH_USER_PATHS = NO;
				CLANG_ANALYZER_NONNULL = YES;
				CLANG_ANALYZER_NUMBER_OBJECT_CONVERSION = YES_AGGRESSIVE;
				CLANG_CXX_LANGUAGE_STANDARD = "gnu++14";
				CLANG_CXX_LIBRARY = "libc++";
				CLANG_ENABLE_MODULES = YES;
				CLANG_ENABLE_OBJC_ARC = YES;
				CLANG_ENABLE_OBJC_WEAK = YES;
				CLANG_WARN_BLOCK_CAPTURE_AUTORELEASING = YES;
				CLANG_WARN_BOOL_CONVERSION = YES;
				CLANG_WARN_COMMA = YES;
				CLANG_WARN_CONSTANT_CONVERSION = YES;
				CLANG_WARN_DEPRECATED_OBJC_IMPLEMENTATIONS = YES;
				CLANG_WARN_DIRECT_OBJC_ISA_USAGE = YES_ERROR;
				CLANG_WARN_DOCUMENTATION_COMMENTS = YES;
				CLANG_WARN_EMPTY_BODY = YES;
				CLANG_WARN_ENUM_CONVERSION = YES;
				CLANG_WARN_INFINITE_RECURSION = YES;
				CLANG_WARN_INT_CONVERSION = YES;
				CLANG_WARN_NON_LITERAL_NULL_CONVERSION = YES;
				CLANG_WARN_OBJC_IMPLICIT_RETAIN_SELF = YES;
				CLANG_WARN_OBJC_LITERAL_CONVERSION = YES;
				CLANG_WARN_OBJC_ROOT_CLASS = YES_ERROR;
				CLANG_WARN_RANGE_LOOP_ANALYSIS = YES;
				CLANG_WARN_STRICT_PROTOTYPES = YES;
				CLANG_WARN_SUSPICIOUS_MOVE = YES;
				CLANG_WARN_UNGUARDED_AVAILABILITY = YES_AGGRESSIVE;
				CLANG_WARN_UNREACHABLE_CODE = YES;
				CLANG_WARN__DUPLICATE_METHOD_MATCH = YES;
				CODE_SIGN_IDENTITY = "iPhone Developer";
				COPY_PHASE_STRIP = NO;
				DEBUG_INFORMATION_FORMAT = "dwarf-with-dsym";
				ENABLE_NS_ASSERTIONS = NO;
				ENABLE_STRICT_OBJC_MSGSEND = YES;
				GCC_C_LANGUAGE_STANDARD = gnu11;
				GCC_NO_COMMON_BLOCKS = YES;
				GCC_WARN_64_TO_32_BIT_CONVERSION = YES;
				GCC_WARN_ABOUT_RETURN_TYPE = YES_ERROR;
				GCC_WARN_UNDECLARED_SELECTOR = YES;
				GCC_WARN_UNINITIALIZED_AUTOS = YES_AGGRESSIVE;
				GCC_WARN_UNUSED_FUNCTION = YES;
				GCC_WARN_UNUSED_VARIABLE = YES;
				IPHONEOS_DEPLOYMENT_TARGET = 12.2;
				MTL_ENABLE_DEBUG_INFO = NO;
				MTL_FAST_MATH = YES;
				SDKROOT = iphoneos;
				SWIFT_COMPILATION_MODE = wholemodule;
				SWIFT_OPTIMIZATION_LEVEL = "-O";
				VALIDATE_PRODUCT = YES;
			};
			name = Release;
		};
		D13301522292620F0053510E /* Debug */ = {
			isa = XCBuildConfiguration;
			buildSettings = {
				ASSETCATALOG_COMPILER_APPICON_NAME = AppIcon;
				CODE_SIGN_STYLE = Automatic;
				DEVELOPMENT_TEAM = TFJU46RGA2;
				INFOPLIST_FILE = PaymentCodeChallenge/Info.plist;
				LD_RUNPATH_SEARCH_PATHS = (
					"$(inherited)",
					"@executable_path/Frameworks",
				);
				PRODUCT_BUNDLE_IDENTIFIER = yuto.PaymentCodeChallenge;
				PRODUCT_NAME = "$(TARGET_NAME)";
				SWIFT_VERSION = 5.0;
				TARGETED_DEVICE_FAMILY = "1,2";
			};
			name = Debug;
		};
		D13301532292620F0053510E /* Release */ = {
			isa = XCBuildConfiguration;
			buildSettings = {
				ASSETCATALOG_COMPILER_APPICON_NAME = AppIcon;
				CODE_SIGN_STYLE = Automatic;
				DEVELOPMENT_TEAM = TFJU46RGA2;
				INFOPLIST_FILE = PaymentCodeChallenge/Info.plist;
				LD_RUNPATH_SEARCH_PATHS = (
					"$(inherited)",
					"@executable_path/Frameworks",
				);
				PRODUCT_BUNDLE_IDENTIFIER = yuto.PaymentCodeChallenge;
				PRODUCT_NAME = "$(TARGET_NAME)";
				SWIFT_VERSION = 5.0;
				TARGETED_DEVICE_FAMILY = "1,2";
			};
			name = Release;
		};
		D13301552292620F0053510E /* Debug */ = {
			isa = XCBuildConfiguration;
			buildSettings = {
				ALWAYS_EMBED_SWIFT_STANDARD_LIBRARIES = YES;
				BUNDLE_LOADER = "$(TEST_HOST)";
				CODE_SIGN_STYLE = Automatic;
				DEVELOPMENT_TEAM = TFJU46RGA2;
				FRAMEWORK_SEARCH_PATHS = (
					"$(inherited)",
					"$(PROJECT_DIR)/Carthage/Build/iOS",
				);
				INFOPLIST_FILE = PaymentCodeChallengeTests/Info.plist;
				LD_RUNPATH_SEARCH_PATHS = (
					"$(inherited)",
					"@executable_path/Frameworks",
					"@loader_path/Frameworks",
				);
				PRODUCT_BUNDLE_IDENTIFIER = yuto.PaymentCodeChallengeTests;
				PRODUCT_NAME = "$(TARGET_NAME)";
				SWIFT_VERSION = 5.0;
				TARGETED_DEVICE_FAMILY = "1,2";
				TEST_HOST = "$(BUILT_PRODUCTS_DIR)/PaymentCodeChallenge.app/PaymentCodeChallenge";
			};
			name = Debug;
		};
		D13301562292620F0053510E /* Release */ = {
			isa = XCBuildConfiguration;
			buildSettings = {
				ALWAYS_EMBED_SWIFT_STANDARD_LIBRARIES = YES;
				BUNDLE_LOADER = "$(TEST_HOST)";
				CODE_SIGN_STYLE = Automatic;
				DEVELOPMENT_TEAM = TFJU46RGA2;
				FRAMEWORK_SEARCH_PATHS = (
					"$(inherited)",
					"$(PROJECT_DIR)/Carthage/Build/iOS",
				);
				INFOPLIST_FILE = PaymentCodeChallengeTests/Info.plist;
				LD_RUNPATH_SEARCH_PATHS = (
					"$(inherited)",
					"@executable_path/Frameworks",
					"@loader_path/Frameworks",
				);
				PRODUCT_BUNDLE_IDENTIFIER = yuto.PaymentCodeChallengeTests;
				PRODUCT_NAME = "$(TARGET_NAME)";
				SWIFT_VERSION = 5.0;
				TARGETED_DEVICE_FAMILY = "1,2";
				TEST_HOST = "$(BUILT_PRODUCTS_DIR)/PaymentCodeChallenge.app/PaymentCodeChallenge";
			};
			name = Release;
		};
		D13301582292620F0053510E /* Debug */ = {
			isa = XCBuildConfiguration;
			buildSettings = {
				ALWAYS_EMBED_SWIFT_STANDARD_LIBRARIES = YES;
				CODE_SIGN_STYLE = Automatic;
				DEVELOPMENT_TEAM = TFJU46RGA2;
				INFOPLIST_FILE = PaymentCodeChallengeUITests/Info.plist;
				LD_RUNPATH_SEARCH_PATHS = (
					"$(inherited)",
					"@executable_path/Frameworks",
					"@loader_path/Frameworks",
				);
				PRODUCT_BUNDLE_IDENTIFIER = yuto.PaymentCodeChallengeUITests;
				PRODUCT_NAME = "$(TARGET_NAME)";
				SWIFT_VERSION = 5.0;
				TARGETED_DEVICE_FAMILY = "1,2";
				TEST_TARGET_NAME = PaymentCodeChallenge;
			};
			name = Debug;
		};
		D13301592292620F0053510E /* Release */ = {
			isa = XCBuildConfiguration;
			buildSettings = {
				ALWAYS_EMBED_SWIFT_STANDARD_LIBRARIES = YES;
				CODE_SIGN_STYLE = Automatic;
				DEVELOPMENT_TEAM = TFJU46RGA2;
				INFOPLIST_FILE = PaymentCodeChallengeUITests/Info.plist;
				LD_RUNPATH_SEARCH_PATHS = (
					"$(inherited)",
					"@executable_path/Frameworks",
					"@loader_path/Frameworks",
				);
				PRODUCT_BUNDLE_IDENTIFIER = yuto.PaymentCodeChallengeUITests;
				PRODUCT_NAME = "$(TARGET_NAME)";
				SWIFT_VERSION = 5.0;
				TARGETED_DEVICE_FAMILY = "1,2";
				TEST_TARGET_NAME = PaymentCodeChallenge;
			};
			name = Release;
		};
/* End XCBuildConfiguration section */

/* Begin XCConfigurationList section */
		D13301242292620D0053510E /* Build configuration list for PBXProject "PaymentCodeChallenge" */ = {
			isa = XCConfigurationList;
			buildConfigurations = (
				D133014F2292620F0053510E /* Debug */,
				D13301502292620F0053510E /* Release */,
			);
			defaultConfigurationIsVisible = 0;
			defaultConfigurationName = Release;
		};
		D13301512292620F0053510E /* Build configuration list for PBXNativeTarget "PaymentCodeChallenge" */ = {
			isa = XCConfigurationList;
			buildConfigurations = (
				D13301522292620F0053510E /* Debug */,
				D13301532292620F0053510E /* Release */,
			);
			defaultConfigurationIsVisible = 0;
			defaultConfigurationName = Release;
		};
		D13301542292620F0053510E /* Build configuration list for PBXNativeTarget "PaymentCodeChallengeTests" */ = {
			isa = XCConfigurationList;
			buildConfigurations = (
				D13301552292620F0053510E /* Debug */,
				D13301562292620F0053510E /* Release */,
			);
			defaultConfigurationIsVisible = 0;
			defaultConfigurationName = Release;
		};
		D13301572292620F0053510E /* Build configuration list for PBXNativeTarget "PaymentCodeChallengeUITests" */ = {
			isa = XCConfigurationList;
			buildConfigurations = (
				D13301582292620F0053510E /* Debug */,
				D13301592292620F0053510E /* Release */,
			);
			defaultConfigurationIsVisible = 0;
			defaultConfigurationName = Release;
		};
/* End XCConfigurationList section */
	};
	rootObject = D13301212292620D0053510E /* Project object */;
}
